# THIS IS AN AUTOGENERATED FILE. DO NOT EDIT THIS FILE DIRECTLY.
# yarn lockfile v1


"@babel/code-frame@^7.10.4":
  version "7.14.5"
  resolved "https://registry.yarnpkg.com/@babel/code-frame/-/code-frame-7.14.5.tgz#23b08d740e83f49c5e59945fbf1b43e80bbf4edb"
  integrity sha512-9pzDqyc6OLDaqe+zbACgFkb6fKMNG6CObKpnYXChRsvYGyEdc7CA2BaqeOM+vOtCS5ndmJicPJhKAwYRI6UfFw==
  dependencies:
    "@babel/highlight" "^7.14.5"

"@babel/helper-validator-identifier@^7.14.5":
  version "7.14.9"
  resolved "https://registry.yarnpkg.com/@babel/helper-validator-identifier/-/helper-validator-identifier-7.14.9.tgz#6654d171b2024f6d8ee151bf2509699919131d48"
  integrity sha512-pQYxPY0UP6IHISRitNe8bsijHex4TWZXi2HwKVsjPiltzlhse2znVcm9Ace510VT1kxIHjGJCZZQBX2gJDbo0g==

"@babel/highlight@^7.14.5":
  version "7.14.5"
  resolved "https://registry.yarnpkg.com/@babel/highlight/-/highlight-7.14.5.tgz#6861a52f03966405001f6aa534a01a24d99e8cd9"
  integrity sha512-qf9u2WFWVV0MppaL877j2dBtQIDgmidgjGk5VIMw3OadXvYaXn66U1BFlH2t4+t3i+8PhedppRv+i40ABzd+gg==
  dependencies:
    "@babel/helper-validator-identifier" "^7.14.5"
    chalk "^2.0.0"
    js-tokens "^4.0.0"

"@napi-rs/triples@^1.0.3":
  version "1.0.3"
  resolved "https://registry.yarnpkg.com/@napi-rs/triples/-/triples-1.0.3.tgz#76d6d0c3f4d16013c61e45dfca5ff1e6c31ae53c"
  integrity sha512-jDJTpta+P4p1NZTFVLHJ/TLFVYVcOqv6l8xwOeBKNPMgY/zDYH/YH7SJbvrr/h1RcS9GzbPcLKGzpuK9cV56UA==

"@node-rs/helper@^1.0.0":
  version "1.2.1"
  resolved "https://registry.yarnpkg.com/@node-rs/helper/-/helper-1.2.1.tgz#e079b05f21ff4329d82c4e1f71c0290e4ecdc70c"
  integrity sha512-R5wEmm8nbuQU0YGGmYVjEc0OHtYsuXdpRG+Ut/3wZ9XAvQWyThN08bTh2cBJgoZxHQUPtvRfeQuxcAgLuiBISg==
  dependencies:
    "@napi-rs/triples" "^1.0.3"

"@rollup/plugin-commonjs@^20.0.0":
  version "20.0.0"
  resolved "https://registry.yarnpkg.com/@rollup/plugin-commonjs/-/plugin-commonjs-20.0.0.tgz#3246872dcbcb18a54aaa6277a8c7d7f1b155b745"
  integrity sha512-5K0g5W2Ol8hAcTHqcTBHiA7M58tfmYi1o9KxeJuuRNpGaTa5iLjcyemBitCBcKXaHamOBBEH2dGom6v6Unmqjg==
  dependencies:
    "@rollup/pluginutils" "^3.1.0"
    commondir "^1.0.1"
    estree-walker "^2.0.1"
    glob "^7.1.6"
    is-reference "^1.2.1"
    magic-string "^0.25.7"
    resolve "^1.17.0"

"@rollup/plugin-node-resolve@^13.0.4":
  version "13.0.4"
  resolved "https://registry.yarnpkg.com/@rollup/plugin-node-resolve/-/plugin-node-resolve-13.0.4.tgz#b10222f4145a019740acb7738402130d848660c0"
  integrity sha512-eYq4TFy40O8hjeDs+sIxEH/jc9lyuI2k9DM557WN6rO5OpnC2qXMBNj4IKH1oHrnAazL49C5p0tgP0/VpqJ+/w==
  dependencies:
    "@rollup/pluginutils" "^3.1.0"
    "@types/resolve" "1.17.1"
    builtin-modules "^3.1.0"
    deepmerge "^4.2.2"
    is-module "^1.0.0"
    resolve "^1.19.0"

"@rollup/pluginutils@^3.1.0":
  version "3.1.0"
  resolved "https://registry.yarnpkg.com/@rollup/pluginutils/-/pluginutils-3.1.0.tgz#706b4524ee6dc8b103b3c995533e5ad680c02b9b"
  integrity sha512-GksZ6pr6TpIjHm8h9lSQ8pi8BE9VeubNT0OMJ3B5uZJ8pz73NPiqOtCog/x2/QzM1ENChPKxMDhiQuRHsqc+lg==
  dependencies:
    "@types/estree" "0.0.39"
    estree-walker "^1.0.1"
    picomatch "^2.2.2"

"@swc/core-android-arm64@^1.2.82":
  version "1.2.82"
  resolved "https://registry.yarnpkg.com/@swc/core-android-arm64/-/core-android-arm64-1.2.82.tgz#b8e078f6158f2c590f960278fcd7acb40d6e35ec"
  integrity sha512-E0p46nLUvy7xO6CDlOUGzE/DpWFpRsi6ZrEnJxY4/Xk9G/EKer/+2NSVk2Vs2Df6GlZyyCiTWYr0SZjyx18dVA==

"@swc/core-darwin-arm64@^1.2.82":
  version "1.2.82"
  resolved "https://registry.yarnpkg.com/@swc/core-darwin-arm64/-/core-darwin-arm64-1.2.82.tgz#9047a7d6ada7cc8b6f0df6d19b17f5e6d7b88a0a"
  integrity sha512-cW/RxV5TMKPTTgz4I0qBGpjqGAP7J+z90Z5sWwnzdomz12cKdEVOs/ZFw/j/TUs5m44Gf4zXq97y5mCY2HehvA==

"@swc/core-darwin-x64@^1.2.82":
  version "1.2.82"
  resolved "https://registry.yarnpkg.com/@swc/core-darwin-x64/-/core-darwin-x64-1.2.82.tgz#209b3ad94178433a7a579c96572fc2aff9826867"
  integrity sha512-IU9a2SrCkfIyoYyEDXXGLNUak9QrivDOpSwAVmv1MRWfJlx8UByfUd9y+Cd/7SaV3380d70rUXtuW/IZtcC17Q==

"@swc/core-freebsd-x64@^1.2.82":
  version "1.2.82"
  resolved "https://registry.yarnpkg.com/@swc/core-freebsd-x64/-/core-freebsd-x64-1.2.82.tgz#37a1119b76eb327e404285d261399ec76324623b"
  integrity sha512-VLf+216RdWo+pzPCevfK6v56RkRkhOIVOdaQ5bJJf4co0DCF1V48eWRUDUNZZySvpMcguOIz4Dwnoukd0EKJLA==

"@swc/core-linux-arm-gnueabihf@^1.2.82":
  version "1.2.82"
  resolved "https://registry.yarnpkg.com/@swc/core-linux-arm-gnueabihf/-/core-linux-arm-gnueabihf-1.2.82.tgz#d4820314b371253c76c1082c6fb3d2df68740da3"
  integrity sha512-sBZmwVTl3iCq7VPO644Rd3tL496/Z/w6pfyF3hM0zNuOxNZEVX0l+h5sYK6j09YJH0Tjav0J8tDqKyNZcLtG2Q==

"@swc/core-linux-arm64-gnu@^1.2.82":
  version "1.2.82"
  resolved "https://registry.yarnpkg.com/@swc/core-linux-arm64-gnu/-/core-linux-arm64-gnu-1.2.82.tgz#c780d000d21ac26eee47709aefa45dffcc1636e6"
  integrity sha512-vUY8ImKdicP+hAqY9erYgueZ0TngaiOVC64coHKdKLtU7ta+4yL4+vEGPtxd6dPRiHFx3Z7z5nGgAq8ySWGCLw==

"@swc/core-linux-arm64-musl@^1.2.82":
  version "1.2.82"
  resolved "https://registry.yarnpkg.com/@swc/core-linux-arm64-musl/-/core-linux-arm64-musl-1.2.82.tgz#e5e3f8bb74c28574af42f515671992ecdf3368c6"
  integrity sha512-6rUkIYlBePAEviKMgsgA/yP/3+NjnKVzCfhL4vrXaw1VSurSW4bUpXza8uq1j59HJDo68FemxG9nt3XFoCOn1A==

"@swc/core-linux-x64-gnu@^1.2.82":
  version "1.2.82"
  resolved "https://registry.yarnpkg.com/@swc/core-linux-x64-gnu/-/core-linux-x64-gnu-1.2.82.tgz#f952830987d93179c05774a78d4abadf20f5602c"
  integrity sha512-1EUBJWrbtUV4LhoDwpUKeoTa5AnlGu3VgTf+QeEy06IR8IpHN+KgyXTKAFO9Wo1vmXUTCELV+nd9QRMobs2mDg==

"@swc/core-linux-x64-musl@^1.2.82":
  version "1.2.82"
  resolved "https://registry.yarnpkg.com/@swc/core-linux-x64-musl/-/core-linux-x64-musl-1.2.82.tgz#6037a67361dd06a227ae51b62237f8b2ce34d377"
  integrity sha512-52JioRQSToGdjwGrZ3fN4EfrPdV9UksDfE2C6sqeGH2rDBWmW6S4z3ws84f+g+X2uPgWIvXp9FSxaMFKnLaaWg==

"@swc/core-win32-arm64-msvc@^1.2.82":
  version "1.2.82"
  resolved "https://registry.yarnpkg.com/@swc/core-win32-arm64-msvc/-/core-win32-arm64-msvc-1.2.82.tgz#473b5d4d825e9e84ee46e01999c58c25f53e4545"
  integrity sha512-fWU4u7Z558oNMaFiZOy6e0ovCdJidBFQj7RQU/qc8IyqpgTe0/xuSvHA090KESwdQdcm/Tp1mwwrNkPLZCvcCQ==

"@swc/core-win32-ia32-msvc@^1.2.82":
  version "1.2.82"
  resolved "https://registry.yarnpkg.com/@swc/core-win32-ia32-msvc/-/core-win32-ia32-msvc-1.2.82.tgz#2820baf49c94c37f9c57331c47946a3d1b8dc723"
  integrity sha512-PQzVDUtlBff6GD3+3+eToM4UKZhUj25nL451iq0Ch2cct3Uxxul9D5+GSqNNcrCP0RIaQjTmcah9zlN6JbruKQ==

"@swc/core-win32-x64-msvc@^1.2.82":
  version "1.2.82"
  resolved "https://registry.yarnpkg.com/@swc/core-win32-x64-msvc/-/core-win32-x64-msvc-1.2.82.tgz#1170fa558f7eff098773e5dcbd14b00511f9fa69"
  integrity sha512-fcjhmQ3Ze4oGOpXdPgHBO8wdGzNkM9R82/wK71xg8R5wvevieRbBuVR+B65DmodE/zYtYkVifhBwycD/B4129Q==

"@swc/core@^1.2.82":
  version "1.2.82"
  resolved "https://registry.yarnpkg.com/@swc/core/-/core-1.2.82.tgz#b353c91bcb1c97529da872f39e6aa0e895700c81"
  integrity sha512-AwQguRjv2myDabCtFPLwJypUiXkMREh+9CwCIOIaMf52ZCexpJt+Ir6LCrvrzx4VgzIBpsV0ivQBexLSdQRIlw==
  dependencies:
    "@node-rs/helper" "^1.0.0"
  optionalDependencies:
    "@swc/core-android-arm64" "^1.2.82"
    "@swc/core-darwin-arm64" "^1.2.82"
    "@swc/core-darwin-x64" "^1.2.82"
    "@swc/core-freebsd-x64" "^1.2.82"
    "@swc/core-linux-arm-gnueabihf" "^1.2.82"
    "@swc/core-linux-arm64-gnu" "^1.2.82"
    "@swc/core-linux-arm64-musl" "^1.2.82"
    "@swc/core-linux-x64-gnu" "^1.2.82"
    "@swc/core-linux-x64-musl" "^1.2.82"
    "@swc/core-win32-arm64-msvc" "^1.2.82"
    "@swc/core-win32-ia32-msvc" "^1.2.82"
    "@swc/core-win32-x64-msvc" "^1.2.82"

"@types/d3-array@*":
  version "3.0.1"
  resolved "https://registry.yarnpkg.com/@types/d3-array/-/d3-array-3.0.1.tgz#0ff28ee7052a2e504cb951d17df7437c33d442d6"
  integrity sha512-D/G7oG0czeszALrkdUiV68CDiHDxXf+M2mLVqAyKktGd12VKQQljj1sHJGBKjcK4jRH1biBd6ZPQPHpJ0mNa0w==

"@types/d3-axis@*":
  version "3.0.1"
  resolved "https://registry.yarnpkg.com/@types/d3-axis/-/d3-axis-3.0.1.tgz#6afc20744fa5cc0cbc3e2bd367b140a79ed3e7a8"
  integrity sha512-zji/iIbdd49g9WN0aIsGcwcTBUkgLsCSwB+uH+LPVDAiKWENMtI3cJEWt+7/YYwelMoZmbBfzA3qCdrZ2XFNnw==
  dependencies:
    "@types/d3-selection" "*"

"@types/d3-brush@*":
  version "3.0.1"
  resolved "https://registry.yarnpkg.com/@types/d3-brush/-/d3-brush-3.0.1.tgz#ae5f17ce391935ca88b29000e60ee20452c6357c"
  integrity sha512-B532DozsiTuQMHu2YChdZU0qsFJSio3Q6jmBYGYNp3gMDzBmuFFgPt9qKA4VYuLZMp4qc6eX7IUFUEsvHiXZAw==
  dependencies:
    "@types/d3-selection" "*"

"@types/d3-chord@*":
  version "3.0.1"
  resolved "https://registry.yarnpkg.com/@types/d3-chord/-/d3-chord-3.0.1.tgz#54c8856c19c8e4ab36a53f73ba737de4768ad248"
  integrity sha512-eQfcxIHrg7V++W8Qxn6QkqBNBokyhdWSAS73AbkbMzvLQmVVBviknoz2SRS/ZJdIOmhcmmdCRE/NFOm28Z1AMw==

"@types/d3-color@*":
  version "3.0.2"
  resolved "https://registry.yarnpkg.com/@types/d3-color/-/d3-color-3.0.2.tgz#53f2d6325f66ee79afd707c05ac849e8ae0edbb0"
  integrity sha512-WVx6zBiz4sWlboCy7TCgjeyHpNjMsoF36yaagny1uXfbadc9f+5BeBf7U+lRmQqY3EHbGQpP8UdW8AC+cywSwQ==

"@types/d3-contour@*":
  version "3.0.1"
  resolved "https://registry.yarnpkg.com/@types/d3-contour/-/d3-contour-3.0.1.tgz#9ff4e2fd2a3910de9c5097270a7da8a6ef240017"
  integrity sha512-C3zfBrhHZvrpAAK3YXqLWVAGo87A4SvJ83Q/zVJ8rFWJdKejUnDYaWZPkA8K84kb2vDA/g90LTQAz7etXcgoQQ==
  dependencies:
    "@types/d3-array" "*"
    "@types/geojson" "*"

"@types/d3-delaunay@*":
  version "6.0.0"
  resolved "https://registry.yarnpkg.com/@types/d3-delaunay/-/d3-delaunay-6.0.0.tgz#c09953ac7e5460997f693d2d7bf3522e0d4a88e6"
  integrity sha512-iGm7ZaGLq11RK3e69VeMM6Oqj2SjKUB9Qhcyd1zIcqn2uE8w9GFB445yCY46NOQO3ByaNyktX1DK+Etz7ZaX+w==

"@types/d3-dispatch@*":
  version "3.0.1"
  resolved "https://registry.yarnpkg.com/@types/d3-dispatch/-/d3-dispatch-3.0.1.tgz#a1b18ae5fa055a6734cb3bd3cbc6260ef19676e3"
  integrity sha512-NhxMn3bAkqhjoxabVJWKryhnZXXYYVQxaBnbANu0O94+O/nX9qSjrA1P1jbAQJxJf+VC72TxDX/YJcKue5bRqw==

"@types/d3-drag@*":
  version "3.0.1"
  resolved "https://registry.yarnpkg.com/@types/d3-drag/-/d3-drag-3.0.1.tgz#fb1e3d5cceeee4d913caa59dedf55c94cb66e80f"
  integrity sha512-o1Va7bLwwk6h03+nSM8dpaGEYnoIG19P0lKqlic8Un36ymh9NSkNFX1yiXMKNMx8rJ0Kfnn2eovuFaL6Jvj0zA==
  dependencies:
    "@types/d3-selection" "*"

"@types/d3-dsv@*":
  version "3.0.0"
  resolved "https://registry.yarnpkg.com/@types/d3-dsv/-/d3-dsv-3.0.0.tgz#f3c61fb117bd493ec0e814856feb804a14cfc311"
  integrity sha512-o0/7RlMl9p5n6FQDptuJVMxDf/7EDEv2SYEO/CwdG2tr1hTfUVi0Iavkk2ax+VpaQ/1jVhpnj5rq1nj8vwhn2A==

"@types/d3-ease@*":
  version "3.0.0"
  resolved "https://registry.yarnpkg.com/@types/d3-ease/-/d3-ease-3.0.0.tgz#c29926f8b596f9dadaeca062a32a45365681eae0"
  integrity sha512-aMo4eaAOijJjA6uU+GIeW018dvy9+oH5Y2VPPzjjfxevvGQ/oRDs+tfYC9b50Q4BygRR8yE2QCLsrT0WtAVseA==

"@types/d3-fetch@*":
  version "3.0.1"
  resolved "https://registry.yarnpkg.com/@types/d3-fetch/-/d3-fetch-3.0.1.tgz#f9fa88b81aa2eea5814f11aec82ecfddbd0b8fe0"
  integrity sha512-toZJNOwrOIqz7Oh6Q7l2zkaNfXkfR7mFSJvGvlD/Ciq/+SQ39d5gynHJZ/0fjt83ec3WL7+u3ssqIijQtBISsw==
  dependencies:
    "@types/d3-dsv" "*"

"@types/d3-force@*":
  version "3.0.3"
  resolved "https://registry.yarnpkg.com/@types/d3-force/-/d3-force-3.0.3.tgz#76cb20d04ae798afede1ea6e41750763ff5a9c82"
  integrity sha512-z8GteGVfkWJMKsx6hwC3SiTSLspL98VNpmvLpEFJQpZPq6xpA1I8HNBDNSpukfK0Vb0l64zGFhzunLgEAcBWSA==

"@types/d3-format@*":
  version "3.0.1"
  resolved "https://registry.yarnpkg.com/@types/d3-format/-/d3-format-3.0.1.tgz#194f1317a499edd7e58766f96735bdc0216bb89d"
  integrity sha512-5KY70ifCCzorkLuIkDe0Z9YTf9RR2CjBX1iaJG+rgM/cPP+sO+q9YdQ9WdhQcgPj1EQiJ2/0+yUkkziTG6Lubg==

"@types/d3-geo@*":
  version "3.0.2"
  resolved "https://registry.yarnpkg.com/@types/d3-geo/-/d3-geo-3.0.2.tgz#e7ec5f484c159b2c404c42d260e6d99d99f45d9a"
  integrity sha512-DbqK7MLYA8LpyHQfv6Klz0426bQEf7bRTvhMy44sNGVyZoWn//B0c+Qbeg8Osi2Obdc9BLLXYAKpyWege2/7LQ==
  dependencies:
    "@types/geojson" "*"

"@types/d3-hierarchy@*":
  version "3.0.2"
  resolved "https://registry.yarnpkg.com/@types/d3-hierarchy/-/d3-hierarchy-3.0.2.tgz#ca63f2f4da15b8f129c5b7dffd71d904cba6aca2"
  integrity sha512-+krnrWOZ+aQB6v+E+jEkmkAx9HvsNAD+1LCD0vlBY3t+HwjKnsBFbpVLx6WWzDzCIuiTWdAxXMEnGnVXpB09qQ==

"@types/d3-interpolate@*":
  version "3.0.1"
  resolved "https://registry.yarnpkg.com/@types/d3-interpolate/-/d3-interpolate-3.0.1.tgz#e7d17fa4a5830ad56fe22ce3b4fac8541a9572dc"
  integrity sha512-jx5leotSeac3jr0RePOH1KdR9rISG91QIE4Q2PYTu4OymLTZfA3SrnURSLzKH48HmXVUru50b8nje4E79oQSQw==
  dependencies:
    "@types/d3-color" "*"

"@types/d3-path@*":
  version "3.0.0"
  resolved "https://registry.yarnpkg.com/@types/d3-path/-/d3-path-3.0.0.tgz#939e3a784ae4f80b1fde8098b91af1776ff1312b"
  integrity sha512-0g/A+mZXgFkQxN3HniRDbXMN79K3CdTpLsevj+PXiTcb2hVyvkZUBg37StmgCQkaD84cUJ4uaDAWq7UJOQy2Tg==

"@types/d3-polygon@*":
  version "3.0.0"
  resolved "https://registry.yarnpkg.com/@types/d3-polygon/-/d3-polygon-3.0.0.tgz#5200a3fa793d7736fa104285fa19b0dbc2424b93"
  integrity sha512-D49z4DyzTKXM0sGKVqiTDTYr+DHg/uxsiWDAkNrwXYuiZVd9o9wXZIo+YsHkifOiyBkmSWlEngHCQme54/hnHw==

"@types/d3-quadtree@*":
  version "3.0.2"
  resolved "https://registry.yarnpkg.com/@types/d3-quadtree/-/d3-quadtree-3.0.2.tgz#433112a178eb7df123aab2ce11c67f51cafe8ff5"
  integrity sha512-QNcK8Jguvc8lU+4OfeNx+qnVy7c0VrDJ+CCVFS9srBo2GL9Y18CnIxBdTF3v38flrGy5s1YggcoAiu6s4fLQIw==

"@types/d3-random@*":
  version "3.0.1"
  resolved "https://registry.yarnpkg.com/@types/d3-random/-/d3-random-3.0.1.tgz#5c8d42b36cd4c80b92e5626a252f994ca6bfc953"
  integrity sha512-IIE6YTekGczpLYo/HehAy3JGF1ty7+usI97LqraNa8IiDur+L44d0VOjAvFQWJVdZOJHukUJw+ZdZBlgeUsHOQ==

"@types/d3-scale-chromatic@*":
  version "3.0.0"
  resolved "https://registry.yarnpkg.com/@types/d3-scale-chromatic/-/d3-scale-chromatic-3.0.0.tgz#103124777e8cdec85b20b51fd3397c682ee1e954"
  integrity sha512-dsoJGEIShosKVRBZB0Vo3C8nqSDqVGujJU6tPznsBJxNJNwMF8utmS83nvCBKQYPpjCzaaHcrf66iTRpZosLPw==

"@types/d3-scale@*":
  version "4.0.1"
  resolved "https://registry.yarnpkg.com/@types/d3-scale/-/d3-scale-4.0.1.tgz#fbe8238e2eff27af577d2b7d0b933ae50a546970"
  integrity sha512-GDuXcRcR6mKcpUVMhPNttpOzHi2dP6YcDqLZYSZHgwTZ+sfCa8e9q0VEBwZomblAPNMYpVqxojnSyIEb4s/Pwg==
  dependencies:
    "@types/d3-time" "*"

"@types/d3-selection@*":
  version "3.0.1"
  resolved "https://registry.yarnpkg.com/@types/d3-selection/-/d3-selection-3.0.1.tgz#e57b01ab69b18b380f68db97b76ceefe62f17191"
  integrity sha512-aJ1d1SCUtERHH65bB8NNoLpUOI3z8kVcfg2BGm4rMMUwuZF4x6qnIEKjT60Vt0o7gP/a/xkRVs4D9CpDifbyRA==

"@types/d3-shape@*":
  version "3.0.2"
  resolved "https://registry.yarnpkg.com/@types/d3-shape/-/d3-shape-3.0.2.tgz#4b1ca4ddaac294e76b712429726d40365cd1e8ca"
  integrity sha512-5+ButCmIfNX8id5seZ7jKj3igdcxx+S9IDBiT35fQGTLZUfkFgTv+oBH34xgeoWDKpWcMITSzBILWQtBoN5Piw==
  dependencies:
    "@types/d3-path" "*"

"@types/d3-time-format@*":
  version "4.0.0"
  resolved "https://registry.yarnpkg.com/@types/d3-time-format/-/d3-time-format-4.0.0.tgz#ee7b6e798f8deb2d9640675f8811d0253aaa1946"
  integrity sha512-yjfBUe6DJBsDin2BMIulhSHmr5qNR5Pxs17+oW4DoVPyVIXZ+m6bs7j1UVKP08Emv6jRmYrYqxYzO63mQxy1rw==

"@types/d3-time@*":
  version "3.0.0"
  resolved "https://registry.yarnpkg.com/@types/d3-time/-/d3-time-3.0.0.tgz#e1ac0f3e9e195135361fa1a1d62f795d87e6e819"
  integrity sha512-sZLCdHvBUcNby1cB6Fd3ZBrABbjz3v1Vm90nysCQ6Vt7vd6e/h9Lt7SiJUoEX0l4Dzc7P5llKyhqSi1ycSf1Hg==

"@types/d3-timer@*":
  version "3.0.0"
  resolved "https://registry.yarnpkg.com/@types/d3-timer/-/d3-timer-3.0.0.tgz#e2505f1c21ec08bda8915238e397fb71d2fc54ce"
  integrity sha512-HNB/9GHqu7Fo8AQiugyJbv6ZxYz58wef0esl4Mv828w1ZKpAshw/uFWVDUcIB9KKFeFKoxS3cHY07FFgtTRZ1g==

"@types/d3-transition@*":
  version "3.0.1"
  resolved "https://registry.yarnpkg.com/@types/d3-transition/-/d3-transition-3.0.1.tgz#c9a96125567173d6163a6985b874f79154f4cc3d"
  integrity sha512-Sv4qEI9uq3bnZwlOANvYK853zvpdKEm1yz9rcc8ZTsxvRklcs9Fx4YFuGA3gXoQN/c/1T6QkVNjhaRO/cWj94g==
  dependencies:
    "@types/d3-selection" "*"

"@types/d3-zoom@*":
  version "3.0.1"
  resolved "https://registry.yarnpkg.com/@types/d3-zoom/-/d3-zoom-3.0.1.tgz#4bfc7e29625c4f79df38e2c36de52ec3e9faf826"
  integrity sha512-7s5L9TjfqIYQmQQEUcpMAcBOahem7TRoSO/+Gkz02GbMVuULiZzjF2BOdw291dbO2aNon4m2OdFsRGaCq2caLQ==
  dependencies:
    "@types/d3-interpolate" "*"
    "@types/d3-selection" "*"

"@types/d3@^7.0.0":
  version "7.0.0"
  resolved "https://registry.yarnpkg.com/@types/d3/-/d3-7.0.0.tgz#d102ec6ea5741e51a1ff7b8228850db0665ccd27"
  integrity sha512-7rMMuS5unvbvFCJXAkQXIxWTo2OUlmVXN5q7sfQFesuVICY55PSP6hhbUhWjTTNpfTTB3iLALsIYDFe7KUNABw==
  dependencies:
    "@types/d3-array" "*"
    "@types/d3-axis" "*"
    "@types/d3-brush" "*"
    "@types/d3-chord" "*"
    "@types/d3-color" "*"
    "@types/d3-contour" "*"
    "@types/d3-delaunay" "*"
    "@types/d3-dispatch" "*"
    "@types/d3-drag" "*"
    "@types/d3-dsv" "*"
    "@types/d3-ease" "*"
    "@types/d3-fetch" "*"
    "@types/d3-force" "*"
    "@types/d3-format" "*"
    "@types/d3-geo" "*"
    "@types/d3-hierarchy" "*"
    "@types/d3-interpolate" "*"
    "@types/d3-path" "*"
    "@types/d3-polygon" "*"
    "@types/d3-quadtree" "*"
    "@types/d3-random" "*"
    "@types/d3-scale" "*"
    "@types/d3-scale-chromatic" "*"
    "@types/d3-selection" "*"
    "@types/d3-shape" "*"
    "@types/d3-time" "*"
    "@types/d3-time-format" "*"
    "@types/d3-timer" "*"
    "@types/d3-transition" "*"
    "@types/d3-zoom" "*"

"@types/estree@*":
  version "0.0.50"
  resolved "https://registry.yarnpkg.com/@types/estree/-/estree-0.0.50.tgz#1e0caa9364d3fccd2931c3ed96fdbeaa5d4cca83"
  integrity sha512-C6N5s2ZFtuZRj54k2/zyRhNDjJwwcViAM3Nbm8zjBpbqAdZ00mr0CFxvSKeO8Y/e03WVFLpQMdHYVfUd6SB+Hw==

"@types/estree@0.0.39":
  version "0.0.39"
  resolved "https://registry.yarnpkg.com/@types/estree/-/estree-0.0.39.tgz#e177e699ee1b8c22d23174caaa7422644389509f"
  integrity sha512-EYNwp3bU+98cpU4lAWYYL7Zz+2gryWH1qbdDTidVd6hkiR6weksdbMadyXKXNPEkQFhXM+hVO9ZygomHXp+AIw==

"@types/geojson@*":
  version "7946.0.8"
  resolved "https://registry.yarnpkg.com/@types/geojson/-/geojson-7946.0.8.tgz#30744afdb385e2945e22f3b033f897f76b1f12ca"
  integrity sha512-1rkryxURpr6aWP7R786/UQOkJ3PcpQiWkAXBmdWc7ryFWqN6a4xfK7BtjXvFBKO9LjQ+MWQSWxYeZX1OApnArA==

"@types/lodash@^4.14.172":
  version "4.14.172"
  resolved "https://registry.yarnpkg.com/@types/lodash/-/lodash-4.14.172.tgz#aad774c28e7bfd7a67de25408e03ee5a8c3d028a"
  integrity sha512-/BHF5HAx3em7/KkzVKm3LrsD6HZAXuXO1AJZQ3cRRBZj4oHZDviWPYu0aEplAqDFNHZPW6d3G7KN+ONcCCC7pw==

"@types/node@*":
  version "16.7.1"
  resolved "https://registry.yarnpkg.com/@types/node/-/node-16.7.1.tgz#c6b9198178da504dfca1fd0be9b2e1002f1586f0"
  integrity sha512-ncRdc45SoYJ2H4eWU9ReDfp3vtFqDYhjOsKlFFUDEn8V1Bgr2RjYal8YT5byfadWIRluhPFU6JiDOl0H6Sl87A==

"@types/prop-types@*":
  version "15.7.4"
  resolved "https://registry.yarnpkg.com/@types/prop-types/-/prop-types-15.7.4.tgz#fcf7205c25dff795ee79af1e30da2c9790808f11"
  integrity sha512-rZ5drC/jWjrArrS8BR6SIr4cWpW09RNTYt9AMZo3Jwwif+iacXAqgVjm0B0Bv/S1jhDXKHqRVNCbACkJ89RAnQ==

"@types/react@^17.0.19":
  version "17.0.19"
  resolved "https://registry.yarnpkg.com/@types/react/-/react-17.0.19.tgz#8f2a85e8180a43b57966b237d26a29481dacc991"
  integrity sha512-sX1HisdB1/ZESixMTGnMxH9TDe8Sk709734fEQZzCV/4lSu9kJCPbo2PbTRoZM+53Pp0P10hYVyReUueGwUi4A==
  dependencies:
    "@types/prop-types" "*"
    "@types/scheduler" "*"
    csstype "^3.0.2"

"@types/resolve@1.17.1":
  version "1.17.1"
  resolved "https://registry.yarnpkg.com/@types/resolve/-/resolve-1.17.1.tgz#3afd6ad8967c77e4376c598a82ddd58f46ec45d6"
  integrity sha512-yy7HuzQhj0dhGpD8RLXSZWEkLsV9ibvxvi6EiJ3bkqLAO1RGo0WbkWQiwpRlSFymTJRz0d3k5LM3kkx8ArDbLw==
  dependencies:
    "@types/node" "*"

"@types/scheduler@*":
  version "0.16.2"
  resolved "https://registry.yarnpkg.com/@types/scheduler/-/scheduler-0.16.2.tgz#1a62f89525723dde24ba1b01b092bf5df8ad4d39"
  integrity sha512-hppQEBDmlwhFAXKJX2KnWLYu5yMfi91yazPb2l+lbJiwW+wdo1gNeRA+3RgNSO39WYX2euey41KEwnqesU2Jew==

ansi-regex@^5.0.0:
  version "5.0.0"
  resolved "https://registry.yarnpkg.com/ansi-regex/-/ansi-regex-5.0.0.tgz#388539f55179bf39339c81af30a654d69f87cb75"
  integrity sha512-bY6fj56OUQ0hU1KjFNDQuJFezqKdrAyFdIevADiqrWHwSlbmBNMHp5ak2f40Pm8JTFyM2mqxkG6ngkHO11f/lg==

ansi-styles@^3.2.1:
  version "3.2.1"
  resolved "https://registry.yarnpkg.com/ansi-styles/-/ansi-styles-3.2.1.tgz#41fbb20243e50b12be0f04b8dedbf07520ce841d"
  integrity sha512-VT0ZI6kZRdTh8YyJw3SMbYm/u+NqfsAxEpWO0Pf9sq8/e94WxxOpPKx9FR1FlyCtOVDNOQ+8ntlqFxiRc+r5qA==
  dependencies:
    color-convert "^1.9.0"

ansi-styles@^4.0.0:
  version "4.3.0"
  resolved "https://registry.yarnpkg.com/ansi-styles/-/ansi-styles-4.3.0.tgz#edd803628ae71c04c85ae7a0906edad34b648937"
  integrity sha512-zbB9rCJAT1rbjiVDb2hqKFHNYLxgtk8NURxZ3IZwD3F6NtxbXZQCnnSi1Lkx+IDohdPlFp222wVALIheZJQSEg==
  dependencies:
    color-convert "^2.0.1"

balanced-match@^1.0.0:
  version "1.0.2"
  resolved "https://registry.yarnpkg.com/balanced-match/-/balanced-match-1.0.2.tgz#e83e3a7e3f300b34cb9d87f615fa0cbf357690ee"
  integrity sha512-3oSeUO0TMV67hN1AmbXsK4yaqU7tjiHlbxRDZOpH0KW9+CeX4bRAaX0Anxt0tx2MrpRpWwQaPwIlISEJhYU5Pw==

brace-expansion@^1.1.7:
  version "1.1.11"
  resolved "https://registry.yarnpkg.com/brace-expansion/-/brace-expansion-1.1.11.tgz#3c7fcbf529d87226f3d2f52b966ff5271eb441dd"
  integrity sha512-iCuPHDFgrHX7H2vEI/5xpz07zSHB00TpugqhmYtVmMO6518mCuRMoOYFldEBl0g187ufozdaHgWKcYFb61qGiA==
  dependencies:
    balanced-match "^1.0.0"
    concat-map "0.0.1"

buffer-from@^1.0.0:
  version "1.1.2"
  resolved "https://registry.yarnpkg.com/buffer-from/-/buffer-from-1.1.2.tgz#2b146a6fd72e80b4f55d255f35ed59a3a9a41bd5"
  integrity sha512-E+XQCRwSbaaiChtv6k6Dwgc+bx+Bs6vuKJHHl5kox/BaKbhiXzqQOwK4cO22yElGp2OCmjwVhT3HmxgyPGnJfQ==

builtin-modules@^3.1.0:
  version "3.2.0"
  resolved "https://registry.yarnpkg.com/builtin-modules/-/builtin-modules-3.2.0.tgz#45d5db99e7ee5e6bc4f362e008bf917ab5049887"
  integrity sha512-lGzLKcioL90C7wMczpkY0n/oART3MbBa8R9OFGE1rJxoVI86u4WAGfEk8Wjv10eKSyTHVGkSo3bvBylCEtk7LA==

chalk@^2.0.0:
  version "2.4.2"
  resolved "https://registry.yarnpkg.com/chalk/-/chalk-2.4.2.tgz#cd42541677a54333cf541a49108c1432b44c9424"
  integrity sha512-Mti+f9lpJNcwF4tWV8/OrTTtF1gZi+f8FqlyAdouralcFWFQWF2+NgCHShjkCb+IFBLq9buZwE1xckQU4peSuQ==
  dependencies:
    ansi-styles "^3.2.1"
    escape-string-regexp "^1.0.5"
    supports-color "^5.3.0"

cliui@^7.0.2:
  version "7.0.4"
  resolved "https://registry.yarnpkg.com/cliui/-/cliui-7.0.4.tgz#a0265ee655476fc807aea9df3df8df7783808b4f"
  integrity sha512-OcRE68cOsVMXp1Yvonl/fzkQOyjLSu/8bhPDfQt0e0/Eb283TKP20Fs2MqoPsr9SwA595rRCA+QMzYc9nBP+JQ==
  dependencies:
    string-width "^4.2.0"
    strip-ansi "^6.0.0"
    wrap-ansi "^7.0.0"

color-convert@^1.9.0:
  version "1.9.3"
  resolved "https://registry.yarnpkg.com/color-convert/-/color-convert-1.9.3.tgz#bb71850690e1f136567de629d2d5471deda4c1e8"
  integrity sha512-QfAUtd+vFdAtFQcC8CCyYt1fYWxSqAiK2cSD6zDB8N3cpsEBAvRxp9zOGg6G/SHHJYAT88/az/IuDGALsNVbGg==
  dependencies:
    color-name "1.1.3"

color-convert@^2.0.1:
  version "2.0.1"
  resolved "https://registry.yarnpkg.com/color-convert/-/color-convert-2.0.1.tgz#72d3a68d598c9bdb3af2ad1e84f21d896abd4de3"
  integrity sha512-RRECPsj7iu/xb5oKYcsFHSppFNnsj/52OVTRKb4zP5onXwVF3zVmmToNcOfGC+CRDpfK/U584fMg38ZHCaElKQ==
  dependencies:
    color-name "~1.1.4"

color-name@1.1.3:
  version "1.1.3"
  resolved "https://registry.yarnpkg.com/color-name/-/color-name-1.1.3.tgz#a7d0558bd89c42f795dd42328f740831ca53bc25"
  integrity sha1-p9BVi9icQveV3UIyj3QIMcpTvCU=

color-name@~1.1.4:
  version "1.1.4"
  resolved "https://registry.yarnpkg.com/color-name/-/color-name-1.1.4.tgz#c2a09a87acbde69543de6f63fa3995c826c536a2"
  integrity sha512-dOy+3AuW3a2wNbZHIuMZpTcgjGuLU/uBL/ubcZF9OXbDo8ff4O8yVp5Bf0efS8uEoYo5q4Fx7dY9OgQGXgAsQA==

commander@^2.20.0:
  version "2.20.3"
  resolved "https://registry.yarnpkg.com/commander/-/commander-2.20.3.tgz#fd485e84c03eb4881c20722ba48035e8531aeb33"
  integrity sha512-GpVkmM8vF2vQUkj2LvZmD35JxeJOLCwJ9cUkugyk2nuhbv3+mJvpLYYt+0+USMxE+oj+ey/lJEnhZw75x/OMcQ==

commondir@^1.0.1:
  version "1.0.1"
  resolved "https://registry.yarnpkg.com/commondir/-/commondir-1.0.1.tgz#ddd800da0c66127393cca5950ea968a3aaf1253b"
  integrity sha1-3dgA2gxmEnOTzKWVDqloo6rxJTs=

concat-map@0.0.1:
  version "0.0.1"
  resolved "https://registry.yarnpkg.com/concat-map/-/concat-map-0.0.1.tgz#d8a96bd77fd68df7793a73036a3ba0d5405d477b"
  integrity sha1-2Klr13/Wjfd5OnMDajug1UBdR3s=

csstype@^3.0.2:
  version "3.0.8"
  resolved "https://registry.yarnpkg.com/csstype/-/csstype-3.0.8.tgz#d2266a792729fb227cd216fb572f43728e1ad340"
  integrity sha512-jXKhWqXPmlUeoQnF/EhTtTl4C9SnrxSH/jZUih3jmO6lBKr99rP3/+FmrMj4EFpOXzMtXHAZkd3x0E6h6Fgflw==

deepmerge@^4.2.2:
  version "4.2.2"
  resolved "https://registry.yarnpkg.com/deepmerge/-/deepmerge-4.2.2.tgz#44d2ea3679b8f4d4ffba33f03d865fc1e7bf4955"
  integrity sha512-FJ3UgI4gIl+PHZm53knsuSFpE+nESMr7M4v9QcgB7S63Kj/6WqMiFQJpBBYz1Pt+66bZpP3Q7Lye0Oo9MPKEdg==

emoji-regex@^8.0.0:
  version "8.0.0"
  resolved "https://registry.yarnpkg.com/emoji-regex/-/emoji-regex-8.0.0.tgz#e818fd69ce5ccfcb404594f842963bf53164cc37"
  integrity sha512-MSjYzcWNOA0ewAHpz0MxpYFvwg6yjy1NG3xteoqz644VCo/RPgnr1/GGt+ic3iJTzQ8Eu3TdM14SawnVUmGE6A==

escalade@^3.1.1:
  version "3.1.1"
  resolved "https://registry.yarnpkg.com/escalade/-/escalade-3.1.1.tgz#d8cfdc7000965c5a0174b4a82eaa5c0552742e40"
  integrity sha512-k0er2gUkLf8O0zKJiAhmkTnJlTvINGv7ygDNPbeIsX/TJjGJZHuh9B2UxbsaEkmlEo9MfhrSzmhIlhRlI2GXnw==

escape-string-regexp@^1.0.5:
  version "1.0.5"
  resolved "https://registry.yarnpkg.com/escape-string-regexp/-/escape-string-regexp-1.0.5.tgz#1b61c0562190a8dff6ae3bb2cf0200ca130b86d4"
  integrity sha1-G2HAViGQqN/2rjuyzwIAyhMLhtQ=

estree-walker@^1.0.1:
  version "1.0.1"
  resolved "https://registry.yarnpkg.com/estree-walker/-/estree-walker-1.0.1.tgz#31bc5d612c96b704106b477e6dd5d8aa138cb700"
  integrity sha512-1fMXF3YP4pZZVozF8j/ZLfvnR8NSIljt56UhbZ5PeeDmmGHpgpdwQt7ITlGvYaQukCvuBRMLEiKiYC+oeIg4cg==

estree-walker@^2.0.1:
  version "2.0.2"
  resolved "https://registry.yarnpkg.com/estree-walker/-/estree-walker-2.0.2.tgz#52f010178c2a4c117a7757cfe942adb7d2da4cac"
  integrity sha512-Rfkk/Mp/DL7JVje3u18FxFujQlTNR2q6QfMSMB7AvCBx91NGj/ba3kCfza0f6dVDbw7YlRf/nDrn7pQrCCyQ/w==

fs.realpath@^1.0.0:
  version "1.0.0"
  resolved "https://registry.yarnpkg.com/fs.realpath/-/fs.realpath-1.0.0.tgz#1504ad2523158caa40db4a2787cb01411994ea4f"
  integrity sha1-FQStJSMVjKpA20onh8sBQRmU6k8=

fsevents@~2.3.2:
  version "2.3.2"
  resolved "https://registry.yarnpkg.com/fsevents/-/fsevents-2.3.2.tgz#8a526f78b8fdf4623b709e0b975c52c24c02fd1a"
  integrity sha512-xiqMQR4xAeHTuB9uWm+fFRcIOgKBMiOBP+eXiyT7jsgVCq1bkVygt00oASowB7EdtpOHaaPgKt812P9ab+DDKA==

function-bind@^1.1.1:
  version "1.1.1"
  resolved "https://registry.yarnpkg.com/function-bind/-/function-bind-1.1.1.tgz#a56899d3ea3c9bab874bb9773b7c5ede92f4895d"
  integrity sha512-yIovAzMX49sF8Yl58fSCWJ5svSLuaibPxXQJFLmBObTuCr0Mf1KiPopGM9NiFjiYBCbfaa2Fh6breQ6ANVTI0A==

get-caller-file@^2.0.5:
  version "2.0.5"
  resolved "https://registry.yarnpkg.com/get-caller-file/-/get-caller-file-2.0.5.tgz#4f94412a82db32f36e3b0b9741f8a97feb031f7e"
  integrity sha512-DyFP3BM/3YHTQOCUL/w0OZHR0lpKeGrxotcHWcqNEdnltqFwXVfhEBQ94eIo34AfQpo0rGki4cyIiftY06h2Fg==

glob@^7.1.6:
  version "7.1.7"
  resolved "https://registry.yarnpkg.com/glob/-/glob-7.1.7.tgz#3b193e9233f01d42d0b3f78294bbeeb418f94a90"
  integrity sha512-OvD9ENzPLbegENnYP5UUfJIirTg4+XwMWGaQfQTY0JenxNvvIKP3U3/tAQSPIu/lHxXYSZmpXlUHeqAIdKzBLQ==
  dependencies:
    fs.realpath "^1.0.0"
    inflight "^1.0.4"
    inherits "2"
    minimatch "^3.0.4"
    once "^1.3.0"
    path-is-absolute "^1.0.0"

has-flag@^3.0.0:
  version "3.0.0"
  resolved "https://registry.yarnpkg.com/has-flag/-/has-flag-3.0.0.tgz#b5d454dc2199ae225699f3467e5a07f3b955bafd"
  integrity sha1-tdRU3CGZriJWmfNGfloH87lVuv0=

has-flag@^4.0.0:
  version "4.0.0"
  resolved "https://registry.yarnpkg.com/has-flag/-/has-flag-4.0.0.tgz#944771fd9c81c81265c4d6941860da06bb59479b"
  integrity sha512-EykJT/Q1KjTWctppgIAgfSO0tKVuZUjhgMr17kqTumMl6Afv3EISleU7qZUzoXDFTAHTDC4NOoG/ZxU3EvlMPQ==

has@^1.0.3:
  version "1.0.3"
  resolved "https://registry.yarnpkg.com/has/-/has-1.0.3.tgz#722d7cbfc1f6aa8241f16dd814e011e1f41e8796"
  integrity sha512-f2dvO0VU6Oej7RkWJGrehjbzMAjFp5/VKPp5tTpWIV4JHHZK1/BxbFRtf/siA2SWTe09caDmVtYYzWEIbBS4zw==
  dependencies:
    function-bind "^1.1.1"

inflight@^1.0.4:
  version "1.0.6"
  resolved "https://registry.yarnpkg.com/inflight/-/inflight-1.0.6.tgz#49bd6331d7d02d0c09bc910a1075ba8165b56df9"
  integrity sha1-Sb1jMdfQLQwJvJEKEHW6gWW1bfk=
  dependencies:
    once "^1.3.0"
    wrappy "1"

inherits@2:
  version "2.0.4"
  resolved "https://registry.yarnpkg.com/inherits/-/inherits-2.0.4.tgz#0fa2c64f932917c3433a0ded55363aae37416b7c"
  integrity sha512-k/vGaX4/Yla3WzyMCvTQOXYeIHvqOKtnqBduzTHpzpQZzAskKMhZ2K+EnBiSM9zGSoIFeMpXKxa4dYeZIQqewQ==

is-core-module@^2.2.0:
  version "2.6.0"
  resolved "https://registry.yarnpkg.com/is-core-module/-/is-core-module-2.6.0.tgz#d7553b2526fe59b92ba3e40c8df757ec8a709e19"
  integrity sha512-wShG8vs60jKfPWpF2KZRaAtvt3a20OAn7+IJ6hLPECpSABLcKtFKTTI4ZtH5QcBruBHlq+WsdHWyz0BCZW7svQ==
  dependencies:
    has "^1.0.3"

is-docker@^2.0.0:
  version "2.2.1"
  resolved "https://registry.yarnpkg.com/is-docker/-/is-docker-2.2.1.tgz#33eeabe23cfe86f14bde4408a02c0cfb853acdaa"
  integrity sha512-F+i2BKsFrH66iaUFc0woD8sLy8getkwTwtOBjvs56Cx4CgJDeKQeqfz8wAYiSb8JOprWhHH5p77PbmYCvvUuXQ==

is-fullwidth-code-point@^3.0.0:
  version "3.0.0"
  resolved "https://registry.yarnpkg.com/is-fullwidth-code-point/-/is-fullwidth-code-point-3.0.0.tgz#f116f8064fe90b3f7844a38997c0b75051269f1d"
  integrity sha512-zymm5+u+sCsSWyD9qNaejV3DFvhCKclKdizYaJUuHA83RLjb7nSuGnddCHGv0hk+KY7BMAlsWeK4Ueg6EV6XQg==

is-module@^1.0.0:
  version "1.0.0"
  resolved "https://registry.yarnpkg.com/is-module/-/is-module-1.0.0.tgz#3258fb69f78c14d5b815d664336b4cffb6441591"
  integrity sha1-Mlj7afeMFNW4FdZkM2tM/7ZEFZE=

is-reference@^1.2.1:
  version "1.2.1"
  resolved "https://registry.yarnpkg.com/is-reference/-/is-reference-1.2.1.tgz#8b2dac0b371f4bc994fdeaba9eb542d03002d0b7"
  integrity sha512-U82MsXXiFIrjCK4otLT+o2NA2Cd2g5MLoOVXUZjIOhLurrRxpEXzI8O0KZHr3IjLvlAH1kTPYSuqer5T9ZVBKQ==
  dependencies:
    "@types/estree" "*"

is-wsl@^2.1.1:
  version "2.2.0"
  resolved "https://registry.yarnpkg.com/is-wsl/-/is-wsl-2.2.0.tgz#74a4c76e77ca9fd3f932f290c17ea326cd157271"
  integrity sha512-fKzAra0rGJUUBwGBgNkHZuToZcn+TtXHpeCgmkMJMMYx1sQDYaCSyjJBSCa2nH1DGm7s3n1oBnohoVTBaN7Lww==
  dependencies:
    is-docker "^2.0.0"

jest-worker@^26.2.1:
  version "26.6.2"
  resolved "https://registry.yarnpkg.com/jest-worker/-/jest-worker-26.6.2.tgz#7f72cbc4d643c365e27b9fd775f9d0eaa9c7a8ed"
  integrity sha512-KWYVV1c4i+jbMpaBC+U++4Va0cp8OisU185o73T1vo99hqi7w8tSJfUXYswwqqrjzwxa6KpRK54WhPvwf5w6PQ==
  dependencies:
    "@types/node" "*"
    merge-stream "^2.0.0"
    supports-color "^7.0.0"

"js-tokens@^3.0.0 || ^4.0.0", js-tokens@^4.0.0:
  version "4.0.0"
  resolved "https://registry.yarnpkg.com/js-tokens/-/js-tokens-4.0.0.tgz#19203fb59991df98e3a287050d4647cdeaf32499"
  integrity sha512-RdJUflcE3cUzKiMqQgsCu06FPu9UdIJO0beYbPhHN4k6apgJtifcoCtT9bcxOpYBtpD2kCM6Sbzg4CausW/PKQ==

lodash@^4.17.21:
  version "4.17.21"
  resolved "https://registry.yarnpkg.com/lodash/-/lodash-4.17.21.tgz#679591c564c3bffaae8454cf0b3df370c3d6911c"
  integrity sha512-v2kDEe57lecTulaDIuNTPy3Ry4gLGJ6Z1O3vE1krgXZNrsQ+LFTGHVxVjcXPs17LhbZVGedAJv8XZ1tvj5FvSg==

loose-envify@^1.1.0:
  version "1.4.0"
  resolved "https://registry.yarnpkg.com/loose-envify/-/loose-envify-1.4.0.tgz#71ee51fa7be4caec1a63839f7e682d8132d30caf"
  integrity sha512-lyuxPGr/Wfhrlem2CL/UcnUc1zcqKAImBDzukY7Y5F/yQiNdko6+fRLevlw1HgMySw7f611UIY408EtxRSoK3Q==
  dependencies:
    js-tokens "^3.0.0 || ^4.0.0"

magic-string@^0.25.7:
  version "0.25.7"
  resolved "https://registry.yarnpkg.com/magic-string/-/magic-string-0.25.7.tgz#3f497d6fd34c669c6798dcb821f2ef31f5445051"
  integrity sha512-4CrMT5DOHTDk4HYDlzmwu4FVCcIYI8gauveasrdCu2IKIFOJ3f0v/8MDGJCDL9oD2ppz/Av1b0Nj345H9M+XIA==
  dependencies:
    sourcemap-codec "^1.4.4"

merge-stream@^2.0.0:
  version "2.0.0"
  resolved "https://registry.yarnpkg.com/merge-stream/-/merge-stream-2.0.0.tgz#52823629a14dd00c9770fb6ad47dc6310f2c1f60"
  integrity sha512-abv/qOcuPfk3URPfDzmZU1LKmuw8kT+0nIHvKrKgFrwifol/doWcdA4ZqsWQ8ENrFKkd67Mfpo/LovbIUsbt3w==

minimatch@^3.0.4:
  version "3.0.4"
  resolved "https://registry.yarnpkg.com/minimatch/-/minimatch-3.0.4.tgz#5166e286457f03306064be5497e8dbb0c3d32083"
  integrity sha512-yJHVQEhyqPLUTgt9B83PXu6W3rx4MvvHvSUvToogpwoGDOUQ+yDrR0HRot+yOCdCO7u4hX3pWft6kWBBcqh0UA==
  dependencies:
    brace-expansion "^1.1.7"

nanoid@^3.1.22:
  version "3.1.25"
  resolved "https://registry.yarnpkg.com/nanoid/-/nanoid-3.1.25.tgz#09ca32747c0e543f0e1814b7d3793477f9c8e152"
  integrity sha512-rdwtIXaXCLFAQbnfqDRnI6jaRHp9fTcYBjtFKE8eezcZ7LuLjhUaQGNeMXf1HmRoCH32CLz6XwX0TtxEOS/A3Q==

object-assign@^4.1.1:
  version "4.1.1"
  resolved "https://registry.yarnpkg.com/object-assign/-/object-assign-4.1.1.tgz#2109adc7965887cfc05cbbd442cac8bfbb360863"
  integrity sha1-IQmtx5ZYh8/AXLvUQsrIv7s2CGM=

once@^1.3.0:
  version "1.4.0"
  resolved "https://registry.yarnpkg.com/once/-/once-1.4.0.tgz#583b1aa775961d4b113ac17d9c50baef9dd76bd1"
  integrity sha1-WDsap3WWHUsROsF9nFC6753Xa9E=
  dependencies:
    wrappy "1"

open@^7.4.2:
  version "7.4.2"
  resolved "https://registry.yarnpkg.com/open/-/open-7.4.2.tgz#b8147e26dcf3e426316c730089fd71edd29c2321"
  integrity sha512-MVHddDVweXZF3awtlAS+6pgKLlm/JgxZ90+/NBurBoQctVOOB/zDdVjcyPzQ+0laDGbsWgrRkflI65sQeOgT9Q==
  dependencies:
    is-docker "^2.0.0"
    is-wsl "^2.1.1"

path-is-absolute@^1.0.0:
  version "1.0.1"
  resolved "https://registry.yarnpkg.com/path-is-absolute/-/path-is-absolute-1.0.1.tgz#174b9268735534ffbc7ace6bf53a5a9e1b5c5f5f"
  integrity sha1-F0uSaHNVNP+8es5r9TpanhtcX18=

path-parse@^1.0.6:
  version "1.0.7"
  resolved "https://registry.yarnpkg.com/path-parse/-/path-parse-1.0.7.tgz#fbc114b60ca42b30d9daf5858e4bd68bbedb6735"
  integrity sha512-LDJzPVEEEPR+y48z93A0Ed0yXb8pAByGWo/k5YYdYgpY2/2EsOsksJrq7lOHxryrVOn1ejG6oAp8ahvOIQD8sw==

picomatch@^2.2.2:
  version "2.3.0"
  resolved "https://registry.yarnpkg.com/picomatch/-/picomatch-2.3.0.tgz#f1f061de8f6a4bf022892e2d128234fb98302972"
  integrity sha512-lY1Q/PiJGC2zOv/z391WOTD+Z02bCgsFfvxoXXf6h7kv9o+WmsmzYqrAwY63sNgOxE4xEdq0WyUnXfKeBrSvYw==

randombytes@^2.1.0:
  version "2.1.0"
  resolved "https://registry.yarnpkg.com/randombytes/-/randombytes-2.1.0.tgz#df6f84372f0270dc65cdf6291349ab7a473d4f2a"
  integrity sha512-vYl3iOX+4CKUWuxGi9Ukhie6fsqXqS9FE2Zaic4tNFD2N2QQaXOMFbuKK4QmDHC0JO6B1Zp41J0LpT0oR68amQ==
  dependencies:
    safe-buffer "^5.1.0"

react-dom@^17.0.2:
  version "17.0.2"
  resolved "https://registry.yarnpkg.com/react-dom/-/react-dom-17.0.2.tgz#ecffb6845e3ad8dbfcdc498f0d0a939736502c23"
  integrity sha512-s4h96KtLDUQlsENhMn1ar8t2bEa+q/YAtj8pPPdIjPDGBDIVNsrD9aXNWqspUe6AzKCIG0C1HZZLqLV7qpOBGA==
  dependencies:
    loose-envify "^1.1.0"
    object-assign "^4.1.1"
    scheduler "^0.20.2"

react@^17.0.2:
  version "17.0.2"
  resolved "https://registry.yarnpkg.com/react/-/react-17.0.2.tgz#d0b5cc516d29eb3eee383f75b62864cfb6800037"
  integrity sha512-gnhPt75i/dq/z3/6q/0asP78D0u592D5L1pd7M8P+dck6Fu/jJeL6iVVK23fptSUZj8Vjf++7wXA8UNclGQcbA==
  dependencies:
    loose-envify "^1.1.0"
    object-assign "^4.1.1"

require-directory@^2.1.1:
  version "2.1.1"
  resolved "https://registry.yarnpkg.com/require-directory/-/require-directory-2.1.1.tgz#8c64ad5fd30dab1c976e2344ffe7f792a6a6df42"
  integrity sha1-jGStX9MNqxyXbiNE/+f3kqam30I=

resolve@^1.17.0, resolve@^1.19.0:
  version "1.20.0"
  resolved "https://registry.yarnpkg.com/resolve/-/resolve-1.20.0.tgz#629a013fb3f70755d6f0b7935cc1c2c5378b1975"
  integrity sha512-wENBPt4ySzg4ybFQW2TT1zMQucPK95HSh/nq2CFTZVOGut2+pQvSsgtda4d26YrYcr067wjbmzOG8byDPBX63A==
  dependencies:
    is-core-module "^2.2.0"
    path-parse "^1.0.6"

rollup-plugin-swc@^0.2.0:
  version "0.2.0"
  resolved "https://registry.yarnpkg.com/rollup-plugin-swc/-/rollup-plugin-swc-0.2.0.tgz#463b1484555336538df65b59313a67bb60fa6748"
  integrity sha512-caZSD80g4RwVxkiaeAp/TYvWGzWjzVKvJKBTSKitcKE95MQrnKm8qICLMwCOdvs4XMgc0RgcsCmVkckl8oMDCg==

rollup-plugin-terser@^7.0.2:
  version "7.0.2"
  resolved "https://registry.yarnpkg.com/rollup-plugin-terser/-/rollup-plugin-terser-7.0.2.tgz#e8fbba4869981b2dc35ae7e8a502d5c6c04d324d"
  integrity sha512-w3iIaU4OxcF52UUXiZNsNeuXIMDvFrr+ZXK6bFZ0Q60qyVfq4uLptoS4bbq3paG3x216eQllFZX7zt6TIImguQ==
  dependencies:
    "@babel/code-frame" "^7.10.4"
    jest-worker "^26.2.1"
    serialize-javascript "^4.0.0"
    terser "^5.0.0"

rollup-plugin-visualizer@^5.5.2:
  version "5.5.2"
  resolved "https://registry.yarnpkg.com/rollup-plugin-visualizer/-/rollup-plugin-visualizer-5.5.2.tgz#ae2130ee5ae4a2d901e764e492b71357cb95eed7"
  integrity sha512-sh+P9KhuWTzeStyRA5yNZpoEFGuj5Ph34JLMa9+muhU8CneFf9L0XE4fmAwAojJLWp//uLUEyytBPSCdZEg5AA==
  dependencies:
    nanoid "^3.1.22"
    open "^7.4.2"
    source-map "^0.7.3"
    yargs "^16.2.0"

rollup@^2.56.3:
  version "2.56.3"
  resolved "https://registry.yarnpkg.com/rollup/-/rollup-2.56.3.tgz#b63edadd9851b0d618a6d0e6af8201955a77aeff"
  integrity sha512-Au92NuznFklgQCUcV96iXlxUbHuB1vQMaH76DHl5M11TotjOHwqk9CwcrT78+Tnv4FN9uTBxq6p4EJoYkpyekg==
  optionalDependencies:
    fsevents "~2.3.2"

safe-buffer@^5.1.0:
  version "5.2.1"
  resolved "https://registry.yarnpkg.com/safe-buffer/-/safe-buffer-5.2.1.tgz#1eaf9fa9bdb1fdd4ec75f58f9cdb4e6b7827eec6"
  integrity sha512-rp3So07KcdmmKbGvgaNxQSJr7bGVSVk5S9Eq1F+ppbRo70+YeaDxkw5Dd8NPN+GD6bjnYm2VuPuCXmpuYvmCXQ==

scheduler@^0.20.2:
  version "0.20.2"
  resolved "https://registry.yarnpkg.com/scheduler/-/scheduler-0.20.2.tgz#4baee39436e34aa93b4874bddcbf0fe8b8b50e91"
  integrity sha512-2eWfGgAqqWFGqtdMmcL5zCMK1U8KlXv8SQFGglL3CEtd0aDVDWgeF/YoCmvln55m5zSk3J/20hTaSBeSObsQDQ==
  dependencies:
    loose-envify "^1.1.0"
    object-assign "^4.1.1"

serialize-javascript@^4.0.0:
  version "4.0.0"
  resolved "https://registry.yarnpkg.com/serialize-javascript/-/serialize-javascript-4.0.0.tgz#b525e1238489a5ecfc42afacc3fe99e666f4b1aa"
  integrity sha512-GaNA54380uFefWghODBWEGisLZFj00nS5ACs6yHa9nLqlLpVLO8ChDGeKRjZnV4Nh4n0Qi7nhYZD/9fCPzEqkw==
  dependencies:
    randombytes "^2.1.0"

source-map-support@~0.5.19:
  version "0.5.19"
  resolved "https://registry.yarnpkg.com/source-map-support/-/source-map-support-0.5.19.tgz#a98b62f86dcaf4f67399648c085291ab9e8fed61"
  integrity sha512-Wonm7zOCIJzBGQdB+thsPar0kYuCIzYvxZwlBa87yi/Mdjv7Tip2cyVbLj5o0cFPN4EVkuTwb3GDDyUx2DGnGw==
  dependencies:
    buffer-from "^1.0.0"
    source-map "^0.6.0"

source-map@^0.6.0:
  version "0.6.1"
  resolved "https://registry.yarnpkg.com/source-map/-/source-map-0.6.1.tgz#74722af32e9614e9c287a8d0bbde48b5e2f1a263"
  integrity sha512-UjgapumWlbMhkBgzT7Ykc5YXUT46F0iKu8SGXq0bcwP5dz/h0Plj6enJqjz1Zbq2l5WaqYnrVbwWOWMyF3F47g==

source-map@^0.7.3, source-map@~0.7.2:
  version "0.7.3"
  resolved "https://registry.yarnpkg.com/source-map/-/source-map-0.7.3.tgz#5302f8169031735226544092e64981f751750383"
  integrity sha512-CkCj6giN3S+n9qrYiBTX5gystlENnRW5jZeNLHpe6aue+SrHcG5VYwujhW9s4dY31mEGsxBDrHR6oI69fTXsaQ==

sourcemap-codec@^1.4.4:
  version "1.4.8"
  resolved "https://registry.yarnpkg.com/sourcemap-codec/-/sourcemap-codec-1.4.8.tgz#ea804bd94857402e6992d05a38ef1ae35a9ab4c4"
  integrity sha512-9NykojV5Uih4lgo5So5dtw+f0JgJX30KCNI8gwhz2J9A15wD0Ml6tjHKwf6fTSa6fAdVBdZeNOs9eJ71qCk8vA==

string-width@^4.1.0, string-width@^4.2.0:
  version "4.2.2"
  resolved "https://registry.yarnpkg.com/string-width/-/string-width-4.2.2.tgz#dafd4f9559a7585cfba529c6a0a4f73488ebd4c5"
  integrity sha512-XBJbT3N4JhVumXE0eoLU9DCjcaF92KLNqTmFCnG1pf8duUxFGwtP6AD6nkjw9a3IdiRtL3E2w3JDiE/xi3vOeA==
  dependencies:
    emoji-regex "^8.0.0"
    is-fullwidth-code-point "^3.0.0"
    strip-ansi "^6.0.0"

strip-ansi@^6.0.0:
  version "6.0.0"
  resolved "https://registry.yarnpkg.com/strip-ansi/-/strip-ansi-6.0.0.tgz#0b1571dd7669ccd4f3e06e14ef1eed26225ae532"
  integrity sha512-AuvKTrTfQNYNIctbR1K/YGTR1756GycPsg7b9bdV9Duqur4gv6aKqHXah67Z8ImS7WEz5QVcOtlfW2rZEugt6w==
  dependencies:
    ansi-regex "^5.0.0"

supports-color@^5.3.0:
  version "5.5.0"
  resolved "https://registry.yarnpkg.com/supports-color/-/supports-color-5.5.0.tgz#e2e69a44ac8772f78a1ec0b35b689df6530efc8f"
  integrity sha512-QjVjwdXIt408MIiAqCX4oUKsgU2EqAGzs2Ppkm4aQYbjm+ZEWEcW4SfFNTr4uMNZma0ey4f5lgLrkB0aX0QMow==
  dependencies:
    has-flag "^3.0.0"

supports-color@^7.0.0:
  version "7.2.0"
  resolved "https://registry.yarnpkg.com/supports-color/-/supports-color-7.2.0.tgz#1b7dcdcb32b8138801b3e478ba6a51caa89648da"
  integrity sha512-qpCAvRl9stuOHveKsn7HncJRvv501qIacKzQlO/+Lwxc9+0q2wLyv4Dfvt80/DPn2pqOBsJdDiogXGR9+OvwRw==
  dependencies:
    has-flag "^4.0.0"

terser@^5.0.0:
  version "5.7.2"
  resolved "https://registry.yarnpkg.com/terser/-/terser-5.7.2.tgz#d4d95ed4f8bf735cb933e802f2a1829abf545e3f"
  integrity sha512-0Omye+RD4X7X69O0eql3lC4Heh/5iLj3ggxR/B5ketZLOtLiOqukUgjw3q4PDnNQbsrkKr3UMypqStQG3XKRvw==
  dependencies:
    commander "^2.20.0"
    source-map "~0.7.2"
    source-map-support "~0.5.19"

typescript@^4.3.5:
  version "4.3.5"
  resolved "https://registry.yarnpkg.com/typescript/-/typescript-4.3.5.tgz#4d1c37cc16e893973c45a06886b7113234f119f4"
  integrity sha512-DqQgihaQ9cUrskJo9kIyW/+g0Vxsk8cDtZ52a3NGh0YNTfpUSArXSohyUGnvbPazEPLu398C0UxmKSOrPumUzA==

wrap-ansi@^7.0.0:
  version "7.0.0"
  resolved "https://registry.yarnpkg.com/wrap-ansi/-/wrap-ansi-7.0.0.tgz#67e145cff510a6a6984bdf1152911d69d2eb9e43"
  integrity sha512-YVGIj2kamLSTxw6NsZjoBxfSwsn0ycdesmc4p+Q21c5zPuZ1pl+NfxVdxPtdHvmNVOQ6XSYG4AUtyt/Fi7D16Q==
  dependencies:
    ansi-styles "^4.0.0"
    string-width "^4.1.0"
    strip-ansi "^6.0.0"

wrappy@1:
  version "1.0.2"
  resolved "https://registry.yarnpkg.com/wrappy/-/wrappy-1.0.2.tgz#b5243d8f3ec1aa35f1364605bc0d1036e30ab69f"
  integrity sha1-tSQ9jz7BqjXxNkYFvA0QNuMKtp8=

y18n@^5.0.5:
  version "5.0.8"
  resolved "https://registry.yarnpkg.com/y18n/-/y18n-5.0.8.tgz#7f4934d0f7ca8c56f95314939ddcd2dd91ce1d55"
  integrity sha512-0pfFzegeDWJHJIAmTLRP2DwHjdF5s7jo9tuztdQxAhINCdvS+3nGINqPd00AphqJR/0LhANUS6/+7SCb98YOfA==

yargs-parser@^20.2.2:
  version "20.2.9"
  resolved "https://registry.yarnpkg.com/yargs-parser/-/yargs-parser-20.2.9.tgz#2eb7dc3b0289718fc295f362753845c41a0c94ee"
  integrity sha512-y11nGElTIV+CT3Zv9t7VKl+Q3hTQoT9a1Qzezhhl6Rp21gJ/IVTW7Z3y9EWXhuUBC2Shnf+DX0antecpAwSP8w==

yargs@^16.2.0:
  version "16.2.0"
  resolved "https://registry.yarnpkg.com/yargs/-/yargs-16.2.0.tgz#1c82bf0f6b6a66eafce7ef30e376f49a12477f66"
  integrity sha512-D1mvvtDG0L5ft/jGWkLpG1+m0eQxOfaBvTNELraWj22wSVUMWxZUvYgJYcKh6jGGIkJFhH4IZPQhR4TKpc8mBw==
  dependencies:
    cliui "^7.0.2"
    escalade "^3.1.1"
    get-caller-file "^2.0.5"
    require-directory "^2.1.1"
    string-width "^4.2.0"
    y18n "^5.0.5"
    yargs-parser "^20.2.2"
